// !$*UTF8*$!
{
	archiveVersion = 1;
	classes = {
	};
	objectVersion = 48;
	objects = {

/* Begin PBXBuildFile section */
		953A1D352023811000BE07AC /* AppDelegate.swift in Sources */ = {isa = PBXBuildFile; fileRef = 953A1D342023811000BE07AC /* AppDelegate.swift */; };
		953A1D372023811000BE07AC /* ViewController.swift in Sources */ = {isa = PBXBuildFile; fileRef = 953A1D362023811000BE07AC /* ViewController.swift */; };
		953A1D3C2023811000BE07AC /* Assets.xcassets in Resources */ = {isa = PBXBuildFile; fileRef = 953A1D3B2023811000BE07AC /* Assets.xcassets */; };
		953A1D3F2023811000BE07AC /* LaunchScreen.storyboard in Resources */ = {isa = PBXBuildFile; fileRef = 953A1D3D2023811000BE07AC /* LaunchScreen.storyboard */; };
		953A1D4D20238DD200BE07AC /* UIColorExtension.swift in Sources */ = {isa = PBXBuildFile; fileRef = 953A1D4A20238DD200BE07AC /* UIColorExtension.swift */; };
		953A1D4E20238DD200BE07AC /* CGFloatExtension.swift in Sources */ = {isa = PBXBuildFile; fileRef = 953A1D4B20238DD200BE07AC /* CGFloatExtension.swift */; };
		953A1D4F20238DD200BE07AC /* UIViewExtension.swift in Sources */ = {isa = PBXBuildFile; fileRef = 953A1D4C20238DD200BE07AC /* UIViewExtension.swift */; };
		953A1D5220238DE800BE07AC /* MGAlertView.swift in Sources */ = {isa = PBXBuildFile; fileRef = 953A1D5020238DE800BE07AC /* MGAlertView.swift */; };
		953A1D5320238DE800BE07AC /* MGButton.swift in Sources */ = {isa = PBXBuildFile; fileRef = 953A1D5120238DE800BE07AC /* MGButton.swift */; };
		953A1D5520239A8800BE07AC /* UIButtonExtension.swift in Sources */ = {isa = PBXBuildFile; fileRef = 953A1D5420239A8800BE07AC /* UIButtonExtension.swift */; };
/* End PBXBuildFile section */

/* Begin PBXFileReference section */
		953A1D312023811000BE07AC /* CustomAlertView.app */ = {isa = PBXFileReference; explicitFileType = wrapper.application; includeInIndex = 0; path = CustomAlertView.app; sourceTree = BUILT_PRODUCTS_DIR; };
		953A1D342023811000BE07AC /* AppDelegate.swift */ = {isa = PBXFileReference; lastKnownFileType = sourcecode.swift; path = AppDelegate.swift; sourceTree = "<group>"; };
		953A1D362023811000BE07AC /* ViewController.swift */ = {isa = PBXFileReference; lastKnownFileType = sourcecode.swift; path = ViewController.swift; sourceTree = "<group>"; };
		953A1D3B2023811000BE07AC /* Assets.xcassets */ = {isa = PBXFileReference; lastKnownFileType = folder.assetcatalog; path = Assets.xcassets; sourceTree = "<group>"; };
		953A1D3E2023811000BE07AC /* Base */ = {isa = PBXFileReference; lastKnownFileType = file.storyboard; name = Base; path = Base.lproj/LaunchScreen.storyboard; sourceTree = "<group>"; };
		953A1D402023811000BE07AC /* Info.plist */ = {isa = PBXFileReference; lastKnownFileType = text.plist.xml; path = Info.plist; sourceTree = "<group>"; };
		953A1D4A20238DD200BE07AC /* UIColorExtension.swift */ = {isa = PBXFileReference; fileEncoding = 4; lastKnownFileType = sourcecode.swift; path = UIColorExtension.swift; sourceTree = "<group>"; };
		953A1D4B20238DD200BE07AC /* CGFloatExtension.swift */ = {isa = PBXFileReference; fileEncoding = 4; lastKnownFileType = sourcecode.swift; path = CGFloatExtension.swift; sourceTree = "<group>"; };
		953A1D4C20238DD200BE07AC /* UIViewExtension.swift */ = {isa = PBXFileReference; fileEncoding = 4; lastKnownFileType = sourcecode.swift; path = UIViewExtension.swift; sourceTree = "<group>"; };
		953A1D5020238DE800BE07AC /* MGAlertView.swift */ = {isa = PBXFileReference; fileEncoding = 4; lastKnownFileType = sourcecode.swift; path = MGAlertView.swift; sourceTree = "<group>"; };
		953A1D5120238DE800BE07AC /* MGButton.swift */ = {isa = PBXFileReference; fileEncoding = 4; lastKnownFileType = sourcecode.swift; path = MGButton.swift; sourceTree = "<group>"; };
		953A1D5420239A8800BE07AC /* UIButtonExtension.swift */ = {isa = PBXFileReference; lastKnownFileType = sourcecode.swift; path = UIButtonExtension.swift; sourceTree = "<group>"; };
/* End PBXFileReference section */

/* Begin PBXFrameworksBuildPhase section */
		953A1D2E2023811000BE07AC /* Frameworks */ = {
			isa = PBXFrameworksBuildPhase;
			buildActionMask = 2147483647;
			files = (
			);
			runOnlyForDeploymentPostprocessing = 0;
		};
/* End PBXFrameworksBuildPhase section */

/* Begin PBXGroup section */
		953A1D282023811000BE07AC = {
			isa = PBXGroup;
			children = (
				953A1D332023811000BE07AC /* CustomAlertView */,
				953A1D322023811000BE07AC /* Products */,
			);
			sourceTree = "<group>";
		};
		953A1D322023811000BE07AC /* Products */ = {
			isa = PBXGroup;
			children = (
				953A1D312023811000BE07AC /* CustomAlertView.app */,
			);
			name = Products;
			sourceTree = "<group>";
		};
		953A1D332023811000BE07AC /* CustomAlertView */ = {
			isa = PBXGroup;
			children = (
				953A1D402023811000BE07AC /* Info.plist */,
				953A1D342023811000BE07AC /* AppDelegate.swift */,
				953A1D492023819400BE07AC /* Extensions */,
				953A1D482023818500BE07AC /* Views */,
				953A1D472023817500BE07AC /* ViewControllers */,
				953A1D462023815B00BE07AC /* SupportingFiles */,
			);
			path = CustomAlertView;
			sourceTree = "<group>";
		};
		953A1D462023815B00BE07AC /* SupportingFiles */ = {
			isa = PBXGroup;
			children = (
				953A1D3D2023811000BE07AC /* LaunchScreen.storyboard */,
				953A1D3B2023811000BE07AC /* Assets.xcassets */,
			);
			path = SupportingFiles;
			sourceTree = "<group>";
		};
		953A1D472023817500BE07AC /* ViewControllers */ = {
			isa = PBXGroup;
			children = (
				953A1D362023811000BE07AC /* ViewController.swift */,
			);
			path = ViewControllers;
			sourceTree = "<group>";
		};
		953A1D482023818500BE07AC /* Views */ = {
			isa = PBXGroup;
			children = (
				953A1D5020238DE800BE07AC /* MGAlertView.swift */,
				953A1D5120238DE800BE07AC /* MGButton.swift */,
			);
			path = Views;
			sourceTree = "<group>";
		};
		953A1D492023819400BE07AC /* Extensions */ = {
			isa = PBXGroup;
			children = (
				953A1D4B20238DD200BE07AC /* CGFloatExtension.swift */,
				953A1D4A20238DD200BE07AC /* UIColorExtension.swift */,
				953A1D4C20238DD200BE07AC /* UIViewExtension.swift */,
				953A1D5420239A8800BE07AC /* UIButtonExtension.swift */,
			);
			path = Extensions;
			sourceTree = "<group>";
		};
/* End PBXGroup section */

/* Begin PBXNativeTarget section */
		953A1D302023811000BE07AC /* CustomAlertView */ = {
			isa = PBXNativeTarget;
			buildConfigurationList = 953A1D432023811000BE07AC /* Build configuration list for PBXNativeTarget "CustomAlertView" */;
			buildPhases = (
				953A1D2D2023811000BE07AC /* Sources */,
				953A1D2E2023811000BE07AC /* Frameworks */,
				953A1D2F2023811000BE07AC /* Resources */,
			);
			buildRules = (
			);
			dependencies = (
			);
			name = CustomAlertView;
			productName = CustomAlertView;
			productReference = 953A1D312023811000BE07AC /* CustomAlertView.app */;
			productType = "com.apple.product-type.application";
		};
/* End PBXNativeTarget section */

/* Begin PBXProject section */
		953A1D292023811000BE07AC /* Project object */ = {
			isa = PBXProject;
			attributes = {
				LastSwiftUpdateCheck = 0920;
				LastUpgradeCheck = 0920;
				ORGANIZATIONNAME = MMG;
				TargetAttributes = {
					953A1D302023811000BE07AC = {
						CreatedOnToolsVersion = 9.2;
						ProvisioningStyle = Automatic;
					};
				};
			};
			buildConfigurationList = 953A1D2C2023811000BE07AC /* Build configuration list for PBXProject "CustomAlertView" */;
			compatibilityVersion = "Xcode 8.0";
			developmentRegion = en;
			hasScannedForEncodings = 0;
			knownRegions = (
				en,
				Base,
			);
			mainGroup = 953A1D282023811000BE07AC;
			productRefGroup = 953A1D322023811000BE07AC /* Products */;
			projectDirPath = "";
			projectRoot = "";
			targets = (
				953A1D302023811000BE07AC /* CustomAlertView */,
			);
		};
/* End PBXProject section */

/* Begin PBXResourcesBuildPhase section */
		953A1D2F2023811000BE07AC /* Resources */ = {
			isa = PBXResourcesBuildPhase;
			buildActionMask = 2147483647;
			files = (
				953A1D3F2023811000BE07AC /* LaunchScreen.storyboard in Resources */,
				953A1D3C2023811000BE07AC /* Assets.xcassets in Resources */,
			);
			runOnlyForDeploymentPostprocessing = 0;
		};
/* End PBXResourcesBuildPhase section */

/* Begin PBXSourcesBuildPhase section */
		953A1D2D2023811000BE07AC /* Sources */ = {
			isa = PBXSourcesBuildPhase;
			buildActionMask = 2147483647;
			files = (
				953A1D4F20238DD200BE07AC /* UIViewExtension.swift in Sources */,
				953A1D5520239A8800BE07AC /* UIButtonExtension.swift in Sources */,
				953A1D372023811000BE07AC /* ViewController.swift in Sources */,
				953A1D352023811000BE07AC /* AppDelegate.swift in Sources */,
				953A1D5220238DE800BE07AC /* MGAlertView.swift in Sources */,
				953A1D5320238DE800BE07AC /* MGButton.swift in Sources */,
				953A1D4E20238DD200BE07AC /* CGFloatExtension.swift in Sources */,
				953A1D4D20238DD200BE07AC /* UIColorExtension.swift in Sources */,
			);
			runOnlyForDeploymentPostprocessing = 0;
		};
/* End PBXSourcesBuildPhase section */

/* Begin PBXVariantGroup section */
		953A1D3D2023811000BE07AC /* LaunchScreen.storyboard */ = {
			isa = PBXVariantGroup;
			children = (
				953A1D3E2023811000BE07AC /* Base */,
			);
			name = LaunchScreen.storyboard;
			sourceTree = "<group>";
		};
/* End PBXVariantGroup section */

/* Begin XCBuildConfiguration section */
		953A1D412023811000BE07AC /* Debug */ = {
			isa = XCBuildConfiguration;
			buildSettings = {
				ALWAYS_SEARCH_USER_PATHS = NO;
				CLANG_ANALYZER_NONNULL = YES;
				CLANG_ANALYZER_NUMBER_OBJECT_CONVERSION = YES_AGGRESSIVE;
				CLANG_CXX_LANGUAGE_STANDARD = "gnu++14";
				CLANG_CXX_LIBRARY = "libc++";
				CLANG_ENABLE_MODULES = YES;
				CLANG_ENABLE_OBJC_ARC = YES;
				CLANG_WARN_BLOCK_CAPTURE_AUTORELEASING = YES;
				CLANG_WARN_BOOL_CONVERSION = YES;
				CLANG_WARN_COMMA = YES;
				CLANG_WARN_CONSTANT_CONVERSION = YES;
				CLANG_WARN_DIRECT_OBJC_ISA_USAGE = YES_ERROR;
				CLANG_WARN_DOCUMENTATION_COMMENTS = YES;
				CLANG_WARN_EMPTY_BODY = YES;
				CLANG_WARN_ENUM_CONVERSION = YES;
				CLANG_WARN_INFINITE_RECURSION = YES;
				CLANG_WARN_INT_CONVERSION = YES;
				CLANG_WARN_NON_LITERAL_NULL_CONVERSION = YES;
				CLANG_WARN_OBJC_LITERAL_CONVERSION = YES;
				CLANG_WARN_OBJC_ROOT_CLASS = YES_ERROR;
				CLANG_WARN_RANGE_LOOP_ANALYSIS = YES;
				CLANG_WARN_STRICT_PROTOTYPES = YES;
				CLANG_WARN_SUSPICIOUS_MOVE = YES;
				CLANG_WARN_UNGUARDED_AVAILABILITY = YES_AGGRESSIVE;
				CLANG_WARN_UNREACHABLE_CODE = YES;
				CLANG_WARN__DUPLICATE_METHOD_MATCH = YES;
				CODE_SIGN_IDENTITY = "iPhone Developer";
				COPY_PHASE_STRIP = NO;
				DEBUG_INFORMATION_FORMAT = dwarf;
				ENABLE_STRICT_OBJC_MSGSEND = YES;
				ENABLE_TESTABILITY = YES;
				GCC_C_LANGUAGE_STANDARD = gnu11;
				GCC_DYNAMIC_NO_PIC = NO;
				GCC_NO_COMMON_BLOCKS = YES;
				GCC_OPTIMIZATION_LEVEL = 0;
				GCC_PREPROCESSOR_DEFINITIONS = (
					"DEBUG=1",
					"$(inherited)",
				);
				GCC_WARN_64_TO_32_BIT_CONVERSION = YES;
				GCC_WARN_ABOUT_RETURN_TYPE = YES_ERROR;
				GCC_WARN_UNDECLARED_SELECTOR = YES;
				GCC_WARN_UNINITIALIZED_AUTOS = YES_AGGRESSIVE;
				GCC_WARN_UNUSED_FUNCTION = YES;
				GCC_WARN_UNUSED_VARIABLE = YES;
				IPHONEOS_DEPLOYMENT_TARGET = 11.2;
				MTL_ENABLE_DEBUG_INFO = YES;
				ONLY_ACTIVE_ARCH = YES;
				SDKROOT = iphoneos;
				SWIFT_ACTIVE_COMPILATION_CONDITIONS = DEBUG;
				SWIFT_OPTIMIZATION_LEVEL = "-Onone";
			};
			name = Debug;
		};
		953A1D422023811000BE07AC /* Release */ = {
			isa = XCBuildConfiguration;
			buildSettings = {
				ALWAYS_SEARCH_USER_PATHS = NO;
				CLANG_ANALYZER_NONNULL = YES;
				CLANG_ANALYZER_NUMBER_OBJECT_CONVERSION = YES_AGGRESSIVE;
				CLANG_CXX_LANGUAGE_STANDARD = "gnu++14";
				CLANG_CXX_LIBRARY = "libc++";
				CLANG_ENABLE_MODULES = YES;
				CLANG_ENABLE_OBJC_ARC = YES;
				CLANG_WARN_BLOCK_CAPTURE_AUTORELEASING = YES;
				CLANG_WARN_BOOL_CONVERSION = YES;
				CLANG_WARN_COMMA = YES;
				CLANG_WARN_CONSTANT_CONVERSION = YES;
				CLANG_WARN_DIRECT_OBJC_ISA_USAGE = YES_ERROR;
				CLANG_WARN_DOCUMENTATION_COMMENTS = YES;
				CLANG_WARN_EMPTY_BODY = YES;
				CLANG_WARN_ENUM_CONVERSION = YES;
				CLANG_WARN_INFINITE_RECURSION = YES;
				CLANG_WARN_INT_CONVERSION = YES;
				CLANG_WARN_NON_LITERAL_NULL_CONVERSION = YES;
				CLANG_WARN_OBJC_LITERAL_CONVERSION = YES;
				CLANG_WARN_OBJC_ROOT_CLASS = YES_ERROR;
				CLANG_WARN_RANGE_LOOP_ANALYSIS = YES;
				CLANG_WARN_STRICT_PROTOTYPES = YES;
				CLANG_WARN_SUSPICIOUS_MOVE = YES;
				CLANG_WARN_UNGUARDED_AVAILABILITY = YES_AGGRESSIVE;
				CLANG_WARN_UNREACHABLE_CODE = YES;
				CLANG_WARN__DUPLICATE_METHOD_MATCH = YES;
				CODE_SIGN_IDENTITY = "iPhone Developer";
				COPY_PHASE_STRIP = NO;
				DEBUG_INFORMATION_FORMAT = "dwarf-with-dsym";
				ENABLE_NS_ASSERTIONS = NO;
				ENABLE_STRICT_OBJC_MSGSEND = YES;
				GCC_C_LANGUAGE_STANDARD = gnu11;
				GCC_NO_COMMON_BLOCKS = YES;
				GCC_WARN_64_TO_32_BIT_CONVERSION = YES;
				GCC_WARN_ABOUT_RETURN_TYPE = YES_ERROR;
				GCC_WARN_UNDECLARED_SELECTOR = YES;
				GCC_WARN_UNINITIALIZED_AUTOS = YES_AGGRESSIVE;
				GCC_WARN_UNUSED_FUNCTION = YES;
				GCC_WARN_UNUSED_VARIABLE = YES;
				IPHONEOS_DEPLOYMENT_TARGET = 11.2;
				MTL_ENABLE_DEBUG_INFO = NO;
				SDKROOT = iphoneos;
				SWIFT_OPTIMIZATION_LEVEL = "-Owholemodule";
				VALIDATE_PRODUCT = YES;
			};
			name = Release;
		};
		953A1D442023811000BE07AC /* Debug */ = {
			isa = XCBuildConfiguration;
			buildSettings = {
				ASSETCATALOG_COMPILER_APPICON_NAME = AppIcon;
				CODE_SIGN_STYLE = Automatic;
				DEVELOPMENT_TEAM = 9VCVDCSHVD;
				INFOPLIST_FILE = CustomAlertView/Info.plist;
				IPHONEOS_DEPLOYMENT_TARGET = 10.0;
				LD_RUNPATH_SEARCH_PATHS = "$(inherited) @executable_path/Frameworks";
				PRODUCT_BUNDLE_IDENTIFIER = com.mmg.CustomAlertView;
				PRODUCT_NAME = "$(TARGET_NAME)";
				SWIFT_VERSION = 4.0;
				TARGETED_DEVICE_FAMILY = "1,2";
			};
			name = Debug;
		};
		953A1D452023811000BE07AC /* Release */ = {
			isa = XCBuildConfiguration;
			buildSettings = {
				ASSETCATALOG_COMPILER_APPICON_NAME = AppIcon;
				CODE_SIGN_STYLE = Automatic;
				DEVELOPMENT_TEAM = 9VCVDCSHVD;
				INFOPLIST_FILE = CustomAlertView/Info.plist;
				IPHONEOS_DEPLOYMENT_TARGET = 10.0;
				LD_RUNPATH_SEARCH_PATHS = "$(inherited) @executable_path/Frameworks";
				PRODUCT_BUNDLE_IDENTIFIER = com.mmg.CustomAlertView;
				PRODUCT_NAME = "$(TARGET_NAME)";
				SWIFT_VERSION = 4.0;
				TARGETED_DEVICE_FAMILY = "1,2";
			};
			name = Release;
		};
/* End XCBuildConfiguration section */

/* Begin XCConfigurationList section */
		953A1D2C2023811000BE07AC /* Build configuration list for PBXProject "CustomAlertView" */ = {
			isa = XCConfigurationList;
			buildConfigurations = (
				953A1D412023811000BE07AC /* Debug */,
				953A1D422023811000BE07AC /* Release */,
			);
			defaultConfigurationIsVisible = 0;
			defaultConfigurationName = Release;
		};
		953A1D432023811000BE07AC /* Build configuration list for PBXNativeTarget "CustomAlertView" */ = {
			isa = XCConfigurationList;
			buildConfigurations = (
				953A1D442023811000BE07AC /* Debug */,
				953A1D452023811000BE07AC /* Release */,
			);
			defaultConfigurationIsVisible = 0;
			defaultConfigurationName = Release;
		};
/* End XCConfigurationList section */
	};
	rootObject = 953A1D292023811000BE07AC /* Project object */;
}
